
Microsoft Visual Studio Solution File, Format Version 12.00
# Visual Studio Version 16
VisualStudioVersion = 16.0.30804.86
MinimumVisualStudioVersion = 10.0.40219.1
Project("{FAE04EC0-301F-11D3-BF4B-00C04F79EFBC}") = "testeDev", "testeDev\testeDev.csproj", "{CC2831E2-CDF1-45F3-BF11-E44A987A5027}"
EndProject
Global
	GlobalSection(SolutionConfigurationPlatforms) = preSolution
		Debug|Any CPU = Debug|Any CPU
		Release|Any CPU = Release|Any CPU
	EndGlobalSection
	GlobalSection(ProjectConfigurationPlatforms) = postSolution
		{CC2831E2-CDF1-45F3-BF11-E44A987A5027}.Debug|Any CPU.ActiveCfg = Debug|Any CPU
		{CC2831E2-CDF1-45F3-BF11-E44A987A5027}.Debug|Any CPU.Build.0 = Debug|Any CPU
		{CC2831E2-CDF1-45F3-BF11-E44A987A5027}.Release|Any CPU.ActiveCfg = Release|Any CPU
		{CC2831E2-CDF1-45F3-BF11-E44A987A5027}.Release|Any CPU.Build.0 = Release|Any CPU
	EndGlobalSection
	GlobalSection(SolutionProperties) = preSolution
		HideSolutionNode = FALSE
	EndGlobalSection
	GlobalSection(ExtensibilityGlobals) = postSolution
		SolutionGuid = {39A8775B-20C4-43A0-87FB-E436DAAB71E3}
	EndGlobalSection
EndGlobal
